// !$*UTF8*$!
{
	archiveVersion = 1;
	classes = {
	};
	objectVersion = 46;
	objects = {

/* Begin PBXAggregateTarget section */
		"SwiftMapReduce::SwiftMapReducePackageTests::ProductTarget" /* SwiftMapReducePackageTests */ = {
			isa = PBXAggregateTarget;
			buildConfigurationList = OBJ_88 /* Build configuration list for PBXAggregateTarget "SwiftMapReducePackageTests" */;
			buildPhases = (
			);
			dependencies = (
				OBJ_91 /* PBXTargetDependency */,
			);
			name = SwiftMapReducePackageTests;
			productName = SwiftMapReducePackageTests;
		};
/* End PBXAggregateTarget section */

/* Begin PBXBuildFile section */
		4651B40A2240BD4B003858B7 /* SumCount.swift in Sources */ = {isa = PBXBuildFile; fileRef = 4651B4092240BD4B003858B7 /* SumCount.swift */; };
		OBJ_100 /* SwiftPerfTool.swift in Sources */ = {isa = PBXBuildFile; fileRef = OBJ_29 /* SwiftPerfTool.swift */; };
		OBJ_107 /* Package.swift in Sources */ = {isa = PBXBuildFile; fileRef = OBJ_30 /* Package.swift */; };
		OBJ_42 /* MapReduce.swift in Sources */ = {isa = PBXBuildFile; fileRef = OBJ_9 /* MapReduce.swift */; };
		OBJ_43 /* Split.swift in Sources */ = {isa = PBXBuildFile; fileRef = OBJ_10 /* Split.swift */; };
		OBJ_50 /* Counter.swift in Sources */ = {isa = PBXBuildFile; fileRef = OBJ_12 /* Counter.swift */; };
		OBJ_52 /* MapReduce.framework in Frameworks */ = {isa = PBXBuildFile; fileRef = "SwiftMapReduce::MapReduce::Product" /* MapReduce.framework */; };
		OBJ_59 /* main.swift in Sources */ = {isa = PBXBuildFile; fileRef = OBJ_14 /* main.swift */; };
		OBJ_61 /* SwiftPerfTool.framework in Frameworks */ = {isa = PBXBuildFile; fileRef = "SwiftPerfTool::SwiftPerfTool::Product" /* SwiftPerfTool.framework */; };
		OBJ_62 /* MapReduceAlgo.framework in Frameworks */ = {isa = PBXBuildFile; fileRef = "SwiftMapReduce::MapReduceAlgo::Product" /* MapReduceAlgo.framework */; };
		OBJ_63 /* MapReduce.framework in Frameworks */ = {isa = PBXBuildFile; fileRef = "SwiftMapReduce::MapReduce::Product" /* MapReduce.framework */; };
		OBJ_73 /* CounterTests.swift in Sources */ = {isa = PBXBuildFile; fileRef = OBJ_17 /* CounterTests.swift */; };
		OBJ_74 /* SplitTests.swift in Sources */ = {isa = PBXBuildFile; fileRef = OBJ_18 /* SplitTests.swift */; };
		OBJ_75 /* XCTestManifests.swift in Sources */ = {isa = PBXBuildFile; fileRef = OBJ_19 /* XCTestManifests.swift */; };
		OBJ_77 /* MapReduceAlgo.framework in Frameworks */ = {isa = PBXBuildFile; fileRef = "SwiftMapReduce::MapReduceAlgo::Product" /* MapReduceAlgo.framework */; };
		OBJ_78 /* MapReduce.framework in Frameworks */ = {isa = PBXBuildFile; fileRef = "SwiftMapReduce::MapReduce::Product" /* MapReduce.framework */; };
		OBJ_86 /* Package.swift in Sources */ = {isa = PBXBuildFile; fileRef = OBJ_6 /* Package.swift */; };
		OBJ_96 /* ApproximateEquatable.swift in Sources */ = {isa = PBXBuildFile; fileRef = OBJ_25 /* ApproximateEquatable.swift */; };
		OBJ_97 /* Errors.swift in Sources */ = {isa = PBXBuildFile; fileRef = OBJ_26 /* Errors.swift */; };
		OBJ_98 /* Memory.swift in Sources */ = {isa = PBXBuildFile; fileRef = OBJ_27 /* Memory.swift */; };
		OBJ_99 /* Scores.swift in Sources */ = {isa = PBXBuildFile; fileRef = OBJ_28 /* Scores.swift */; };
/* End PBXBuildFile section */

/* Begin PBXContainerItemProxy section */
		4651B4022240001E003858B7 /* PBXContainerItemProxy */ = {
			isa = PBXContainerItemProxy;
			containerPortal = OBJ_1 /* Project object */;
			proxyType = 1;
			remoteGlobalIDString = "SwiftPerfTool::SwiftPerfTool";
			remoteInfo = SwiftPerfTool;
		};
		4651B4032240001E003858B7 /* PBXContainerItemProxy */ = {
			isa = PBXContainerItemProxy;
			containerPortal = OBJ_1 /* Project object */;
			proxyType = 1;
			remoteGlobalIDString = "SwiftMapReduce::MapReduceAlgo";
			remoteInfo = MapReduceAlgo;
		};
		4651B4042240001E003858B7 /* PBXContainerItemProxy */ = {
			isa = PBXContainerItemProxy;
			containerPortal = OBJ_1 /* Project object */;
			proxyType = 1;
			remoteGlobalIDString = "SwiftMapReduce::MapReduce";
			remoteInfo = MapReduce;
		};
		4651B4052240001E003858B7 /* PBXContainerItemProxy */ = {
			isa = PBXContainerItemProxy;
			containerPortal = OBJ_1 /* Project object */;
			proxyType = 1;
			remoteGlobalIDString = "SwiftMapReduce::MapReduce";
			remoteInfo = MapReduce;
		};
		4651B4062240001E003858B7 /* PBXContainerItemProxy */ = {
			isa = PBXContainerItemProxy;
			containerPortal = OBJ_1 /* Project object */;
			proxyType = 1;
			remoteGlobalIDString = "SwiftMapReduce::MapReduceAlgo";
			remoteInfo = MapReduceAlgo;
		};
		4651B4072240001E003858B7 /* PBXContainerItemProxy */ = {
			isa = PBXContainerItemProxy;
			containerPortal = OBJ_1 /* Project object */;
			proxyType = 1;
			remoteGlobalIDString = "SwiftMapReduce::MapReduce";
			remoteInfo = MapReduce;
		};
		4651B4082240001F003858B7 /* PBXContainerItemProxy */ = {
			isa = PBXContainerItemProxy;
			containerPortal = OBJ_1 /* Project object */;
			proxyType = 1;
			remoteGlobalIDString = "SwiftMapReduce::MapReduceTests";
			remoteInfo = MapReduceTests;
		};
/* End PBXContainerItemProxy section */

/* Begin PBXFileReference section */
		4651B4092240BD4B003858B7 /* SumCount.swift */ = {isa = PBXFileReference; lastKnownFileType = sourcecode.swift; path = SumCount.swift; sourceTree = "<group>"; };
		OBJ_10 /* Split.swift */ = {isa = PBXFileReference; lastKnownFileType = sourcecode.swift; path = Split.swift; sourceTree = "<group>"; };
		OBJ_12 /* Counter.swift */ = {isa = PBXFileReference; lastKnownFileType = sourcecode.swift; path = Counter.swift; sourceTree = "<group>"; };
		OBJ_14 /* main.swift */ = {isa = PBXFileReference; lastKnownFileType = sourcecode.swift; path = main.swift; sourceTree = "<group>"; };
		OBJ_17 /* CounterTests.swift */ = {isa = PBXFileReference; lastKnownFileType = sourcecode.swift; path = CounterTests.swift; sourceTree = "<group>"; };
		OBJ_18 /* SplitTests.swift */ = {isa = PBXFileReference; lastKnownFileType = sourcecode.swift; path = SplitTests.swift; sourceTree = "<group>"; };
		OBJ_19 /* XCTestManifests.swift */ = {isa = PBXFileReference; lastKnownFileType = sourcecode.swift; path = XCTestManifests.swift; sourceTree = "<group>"; };
		OBJ_20 /* Build */ = {isa = PBXFileReference; lastKnownFileType = folder; path = Build; sourceTree = SOURCE_ROOT; };
		OBJ_21 /* DerivedData */ = {isa = PBXFileReference; lastKnownFileType = folder; path = DerivedData; sourceTree = SOURCE_ROOT; };
		OBJ_25 /* ApproximateEquatable.swift */ = {isa = PBXFileReference; lastKnownFileType = sourcecode.swift; path = ApproximateEquatable.swift; sourceTree = "<group>"; };
		OBJ_26 /* Errors.swift */ = {isa = PBXFileReference; lastKnownFileType = sourcecode.swift; path = Errors.swift; sourceTree = "<group>"; };
		OBJ_27 /* Memory.swift */ = {isa = PBXFileReference; lastKnownFileType = sourcecode.swift; path = Memory.swift; sourceTree = "<group>"; };
		OBJ_28 /* Scores.swift */ = {isa = PBXFileReference; lastKnownFileType = sourcecode.swift; path = Scores.swift; sourceTree = "<group>"; };
		OBJ_29 /* SwiftPerfTool.swift */ = {isa = PBXFileReference; lastKnownFileType = sourcecode.swift; path = SwiftPerfTool.swift; sourceTree = "<group>"; };
		OBJ_30 /* Package.swift */ = {isa = PBXFileReference; explicitFileType = sourcecode.swift; name = Package.swift; path = "/Users/eugenf/Documents/Projects/Swift/my-github/SwiftMapReduce/.build/checkouts/SwiftPerfTool.git--1898495005680358819/Package.swift"; sourceTree = "<group>"; };
		OBJ_6 /* Package.swift */ = {isa = PBXFileReference; explicitFileType = sourcecode.swift; path = Package.swift; sourceTree = "<group>"; };
		OBJ_9 /* MapReduce.swift */ = {isa = PBXFileReference; lastKnownFileType = sourcecode.swift; path = MapReduce.swift; sourceTree = "<group>"; };
		"SwiftMapReduce::MapReduce::Product" /* MapReduce.framework */ = {isa = PBXFileReference; lastKnownFileType = wrapper.framework; path = MapReduce.framework; sourceTree = BUILT_PRODUCTS_DIR; };
		"SwiftMapReduce::MapReduceAlgo::Product" /* MapReduceAlgo.framework */ = {isa = PBXFileReference; lastKnownFileType = wrapper.framework; path = MapReduceAlgo.framework; sourceTree = BUILT_PRODUCTS_DIR; };
		"SwiftMapReduce::MapReduceRunner::Product" /* MapReduceRunner */ = {isa = PBXFileReference; lastKnownFileType = text; path = MapReduceRunner; sourceTree = BUILT_PRODUCTS_DIR; };
		"SwiftMapReduce::MapReduceTests::Product" /* MapReduceTests.xctest */ = {isa = PBXFileReference; lastKnownFileType = file; path = MapReduceTests.xctest; sourceTree = BUILT_PRODUCTS_DIR; };
		"SwiftPerfTool::SwiftPerfTool::Product" /* SwiftPerfTool.framework */ = {isa = PBXFileReference; lastKnownFileType = wrapper.framework; path = SwiftPerfTool.framework; sourceTree = BUILT_PRODUCTS_DIR; };
/* End PBXFileReference section */

/* Begin PBXFrameworksBuildPhase section */
		OBJ_101 /* Frameworks */ = {
			isa = PBXFrameworksBuildPhase;
			buildActionMask = 0;
			files = (
			);
			runOnlyForDeploymentPostprocessing = 0;
		};
		OBJ_44 /* Frameworks */ = {
			isa = PBXFrameworksBuildPhase;
			buildActionMask = 0;
			files = (
			);
			runOnlyForDeploymentPostprocessing = 0;
		};
		OBJ_51 /* Frameworks */ = {
			isa = PBXFrameworksBuildPhase;
			buildActionMask = 0;
			files = (
				OBJ_52 /* MapReduce.framework in Frameworks */,
			);
			runOnlyForDeploymentPostprocessing = 0;
		};
		OBJ_60 /* Frameworks */ = {
			isa = PBXFrameworksBuildPhase;
			buildActionMask = 0;
			files = (
				OBJ_61 /* SwiftPerfTool.framework in Frameworks */,
				OBJ_62 /* MapReduceAlgo.framework in Frameworks */,
				OBJ_63 /* MapReduce.framework in Frameworks */,
			);
			runOnlyForDeploymentPostprocessing = 0;
		};
		OBJ_76 /* Frameworks */ = {
			isa = PBXFrameworksBuildPhase;
			buildActionMask = 0;
			files = (
				OBJ_77 /* MapReduceAlgo.framework in Frameworks */,
				OBJ_78 /* MapReduce.framework in Frameworks */,
			);
			runOnlyForDeploymentPostprocessing = 0;
		};
/* End PBXFrameworksBuildPhase section */

/* Begin PBXGroup section */
		OBJ_11 /* MapReduceAlgo */ = {
			isa = PBXGroup;
			children = (
				OBJ_12 /* Counter.swift */,
				4651B4092240BD4B003858B7 /* SumCount.swift */,
			);
			name = MapReduceAlgo;
			path = Sources/MapReduceAlgo;
			sourceTree = SOURCE_ROOT;
		};
		OBJ_13 /* MapReduceRunner */ = {
			isa = PBXGroup;
			children = (
				OBJ_14 /* main.swift */,
			);
			name = MapReduceRunner;
			path = Sources/MapReduceRunner;
			sourceTree = SOURCE_ROOT;
		};
		OBJ_15 /* Tests */ = {
			isa = PBXGroup;
			children = (
				OBJ_16 /* MapReduceTests */,
			);
			name = Tests;
			sourceTree = SOURCE_ROOT;
		};
		OBJ_16 /* MapReduceTests */ = {
			isa = PBXGroup;
			children = (
				OBJ_17 /* CounterTests.swift */,
				OBJ_18 /* SplitTests.swift */,
				OBJ_19 /* XCTestManifests.swift */,
			);
			name = MapReduceTests;
			path = Tests/MapReduceTests;
			sourceTree = SOURCE_ROOT;
		};
		OBJ_22 /* Dependencies */ = {
			isa = PBXGroup;
			children = (
				OBJ_23 /* SwiftPerfTool 0.1.1 */,
			);
			name = Dependencies;
			sourceTree = "<group>";
		};
		OBJ_23 /* SwiftPerfTool 0.1.1 */ = {
			isa = PBXGroup;
			children = (
				OBJ_24 /* SwiftPerfTool */,
				OBJ_30 /* Package.swift */,
			);
			name = "SwiftPerfTool 0.1.1";
			sourceTree = SOURCE_ROOT;
		};
		OBJ_24 /* SwiftPerfTool */ = {
			isa = PBXGroup;
			children = (
				OBJ_25 /* ApproximateEquatable.swift */,
				OBJ_26 /* Errors.swift */,
				OBJ_27 /* Memory.swift */,
				OBJ_28 /* Scores.swift */,
				OBJ_29 /* SwiftPerfTool.swift */,
			);
			name = SwiftPerfTool;
			path = ".build/checkouts/SwiftPerfTool.git--1898495005680358819/Sources/SwiftPerfTool";
			sourceTree = SOURCE_ROOT;
		};
		OBJ_31 /* Products */ = {
			isa = PBXGroup;
			children = (
				"SwiftMapReduce::MapReduceAlgo::Product" /* MapReduceAlgo.framework */,
				"SwiftMapReduce::MapReduce::Product" /* MapReduce.framework */,
				"SwiftPerfTool::SwiftPerfTool::Product" /* SwiftPerfTool.framework */,
				"SwiftMapReduce::MapReduceTests::Product" /* MapReduceTests.xctest */,
				"SwiftMapReduce::MapReduceRunner::Product" /* MapReduceRunner */,
			);
			name = Products;
			sourceTree = BUILT_PRODUCTS_DIR;
		};
		OBJ_5 /*  */ = {
			isa = PBXGroup;
			children = (
				OBJ_6 /* Package.swift */,
				OBJ_7 /* Sources */,
				OBJ_15 /* Tests */,
				OBJ_20 /* Build */,
				OBJ_21 /* DerivedData */,
				OBJ_22 /* Dependencies */,
				OBJ_31 /* Products */,
			);
			name = "";
			sourceTree = "<group>";
		};
		OBJ_7 /* Sources */ = {
			isa = PBXGroup;
			children = (
				OBJ_8 /* MapReduce */,
				OBJ_11 /* MapReduceAlgo */,
				OBJ_13 /* MapReduceRunner */,
			);
			name = Sources;
			sourceTree = SOURCE_ROOT;
		};
		OBJ_8 /* MapReduce */ = {
			isa = PBXGroup;
			children = (
				OBJ_9 /* MapReduce.swift */,
				OBJ_10 /* Split.swift */,
			);
			name = MapReduce;
			path = Sources/MapReduce;
			sourceTree = SOURCE_ROOT;
		};
/* End PBXGroup section */

/* Begin PBXNativeTarget section */
		"SwiftMapReduce::MapReduce" /* MapReduce */ = {
			isa = PBXNativeTarget;
			buildConfigurationList = OBJ_38 /* Build configuration list for PBXNativeTarget "MapReduce" */;
			buildPhases = (
				OBJ_41 /* Sources */,
				OBJ_44 /* Frameworks */,
			);
			buildRules = (
			);
			dependencies = (
			);
			name = MapReduce;
			productName = MapReduce;
			productReference = "SwiftMapReduce::MapReduce::Product" /* MapReduce.framework */;
			productType = "com.apple.product-type.framework";
		};
		"SwiftMapReduce::MapReduceAlgo" /* MapReduceAlgo */ = {
			isa = PBXNativeTarget;
			buildConfigurationList = OBJ_46 /* Build configuration list for PBXNativeTarget "MapReduceAlgo" */;
			buildPhases = (
				OBJ_49 /* Sources */,
				OBJ_51 /* Frameworks */,
			);
			buildRules = (
			);
			dependencies = (
				OBJ_53 /* PBXTargetDependency */,
			);
			name = MapReduceAlgo;
			productName = MapReduceAlgo;
			productReference = "SwiftMapReduce::MapReduceAlgo::Product" /* MapReduceAlgo.framework */;
			productType = "com.apple.product-type.framework";
		};
		"SwiftMapReduce::MapReduceRunner" /* MapReduceRunner */ = {
			isa = PBXNativeTarget;
			buildConfigurationList = OBJ_55 /* Build configuration list for PBXNativeTarget "MapReduceRunner" */;
			buildPhases = (
				OBJ_58 /* Sources */,
				OBJ_60 /* Frameworks */,
			);
			buildRules = (
			);
			dependencies = (
				OBJ_64 /* PBXTargetDependency */,
				OBJ_66 /* PBXTargetDependency */,
				OBJ_67 /* PBXTargetDependency */,
			);
			name = MapReduceRunner;
			productName = MapReduceRunner;
			productReference = "SwiftMapReduce::MapReduceRunner::Product" /* MapReduceRunner */;
			productType = "com.apple.product-type.tool";
		};
		"SwiftMapReduce::MapReduceTests" /* MapReduceTests */ = {
			isa = PBXNativeTarget;
			buildConfigurationList = OBJ_69 /* Build configuration list for PBXNativeTarget "MapReduceTests" */;
			buildPhases = (
				OBJ_72 /* Sources */,
				OBJ_76 /* Frameworks */,
			);
			buildRules = (
			);
			dependencies = (
				OBJ_79 /* PBXTargetDependency */,
				OBJ_80 /* PBXTargetDependency */,
			);
			name = MapReduceTests;
			productName = MapReduceTests;
			productReference = "SwiftMapReduce::MapReduceTests::Product" /* MapReduceTests.xctest */;
			productType = "com.apple.product-type.bundle.unit-test";
		};
		"SwiftMapReduce::SwiftPMPackageDescription" /* SwiftMapReducePackageDescription */ = {
			isa = PBXNativeTarget;
			buildConfigurationList = OBJ_82 /* Build configuration list for PBXNativeTarget "SwiftMapReducePackageDescription" */;
			buildPhases = (
				OBJ_85 /* Sources */,
			);
			buildRules = (
			);
			dependencies = (
			);
			name = SwiftMapReducePackageDescription;
			productName = SwiftMapReducePackageDescription;
			productType = "com.apple.product-type.framework";
		};
		"SwiftPerfTool::SwiftPMPackageDescription" /* SwiftPerfToolPackageDescription */ = {
			isa = PBXNativeTarget;
			buildConfigurationList = OBJ_103 /* Build configuration list for PBXNativeTarget "SwiftPerfToolPackageDescription" */;
			buildPhases = (
				OBJ_106 /* Sources */,
			);
			buildRules = (
			);
			dependencies = (
			);
			name = SwiftPerfToolPackageDescription;
			productName = SwiftPerfToolPackageDescription;
			productType = "com.apple.product-type.framework";
		};
		"SwiftPerfTool::SwiftPerfTool" /* SwiftPerfTool */ = {
			isa = PBXNativeTarget;
			buildConfigurationList = OBJ_92 /* Build configuration list for PBXNativeTarget "SwiftPerfTool" */;
			buildPhases = (
				OBJ_95 /* Sources */,
				OBJ_101 /* Frameworks */,
			);
			buildRules = (
			);
			dependencies = (
			);
			name = SwiftPerfTool;
			productName = SwiftPerfTool;
			productReference = "SwiftPerfTool::SwiftPerfTool::Product" /* SwiftPerfTool.framework */;
			productType = "com.apple.product-type.framework";
		};
/* End PBXNativeTarget section */

/* Begin PBXProject section */
		OBJ_1 /* Project object */ = {
			isa = PBXProject;
			attributes = {
				LastUpgradeCheck = 9999;
			};
			buildConfigurationList = OBJ_2 /* Build configuration list for PBXProject "SwiftMapReduce" */;
			compatibilityVersion = "Xcode 3.2";
			developmentRegion = English;
			hasScannedForEncodings = 0;
			knownRegions = (
				en,
			);
			mainGroup = OBJ_5 /*  */;
			productRefGroup = OBJ_31 /* Products */;
			projectDirPath = "";
			projectRoot = "";
			targets = (
				"SwiftMapReduce::MapReduce" /* MapReduce */,
				"SwiftMapReduce::MapReduceAlgo" /* MapReduceAlgo */,
				"SwiftMapReduce::MapReduceRunner" /* MapReduceRunner */,
				"SwiftMapReduce::MapReduceTests" /* MapReduceTests */,
				"SwiftMapReduce::SwiftPMPackageDescription" /* SwiftMapReducePackageDescription */,
				"SwiftMapReduce::SwiftMapReducePackageTests::ProductTarget" /* SwiftMapReducePackageTests */,
				"SwiftPerfTool::SwiftPerfTool" /* SwiftPerfTool */,
				"SwiftPerfTool::SwiftPMPackageDescription" /* SwiftPerfToolPackageDescription */,
			);
		};
/* End PBXProject section */

/* Begin PBXSourcesBuildPhase section */
		OBJ_106 /* Sources */ = {
			isa = PBXSourcesBuildPhase;
			buildActionMask = 0;
			files = (
				OBJ_107 /* Package.swift in Sources */,
			);
			runOnlyForDeploymentPostprocessing = 0;
		};
		OBJ_41 /* Sources */ = {
			isa = PBXSourcesBuildPhase;
			buildActionMask = 0;
			files = (
				OBJ_42 /* MapReduce.swift in Sources */,
				OBJ_43 /* Split.swift in Sources */,
			);
			runOnlyForDeploymentPostprocessing = 0;
		};
		OBJ_49 /* Sources */ = {
			isa = PBXSourcesBuildPhase;
			buildActionMask = 0;
			files = (
				OBJ_50 /* Counter.swift in Sources */,
				4651B40A2240BD4B003858B7 /* SumCount.swift in Sources */,
			);
			runOnlyForDeploymentPostprocessing = 0;
		};
		OBJ_58 /* Sources */ = {
			isa = PBXSourcesBuildPhase;
			buildActionMask = 0;
			files = (
				OBJ_59 /* main.swift in Sources */,
			);
			runOnlyForDeploymentPostprocessing = 0;
		};
		OBJ_72 /* Sources */ = {
			isa = PBXSourcesBuildPhase;
			buildActionMask = 0;
			files = (
				OBJ_73 /* CounterTests.swift in Sources */,
				OBJ_74 /* SplitTests.swift in Sources */,
				OBJ_75 /* XCTestManifests.swift in Sources */,
			);
			runOnlyForDeploymentPostprocessing = 0;
		};
		OBJ_85 /* Sources */ = {
			isa = PBXSourcesBuildPhase;
			buildActionMask = 0;
			files = (
				OBJ_86 /* Package.swift in Sources */,
			);
			runOnlyForDeploymentPostprocessing = 0;
		};
		OBJ_95 /* Sources */ = {
			isa = PBXSourcesBuildPhase;
			buildActionMask = 0;
			files = (
				OBJ_96 /* ApproximateEquatable.swift in Sources */,
				OBJ_97 /* Errors.swift in Sources */,
				OBJ_98 /* Memory.swift in Sources */,
				OBJ_99 /* Scores.swift in Sources */,
				OBJ_100 /* SwiftPerfTool.swift in Sources */,
			);
			runOnlyForDeploymentPostprocessing = 0;
		};
/* End PBXSourcesBuildPhase section */

/* Begin PBXTargetDependency section */
		OBJ_53 /* PBXTargetDependency */ = {
			isa = PBXTargetDependency;
			target = "SwiftMapReduce::MapReduce" /* MapReduce */;
			targetProxy = 4651B4042240001E003858B7 /* PBXContainerItemProxy */;
		};
		OBJ_64 /* PBXTargetDependency */ = {
			isa = PBXTargetDependency;
			target = "SwiftPerfTool::SwiftPerfTool" /* SwiftPerfTool */;
			targetProxy = 4651B4022240001E003858B7 /* PBXContainerItemProxy */;
		};
		OBJ_66 /* PBXTargetDependency */ = {
			isa = PBXTargetDependency;
			target = "SwiftMapReduce::MapReduceAlgo" /* MapReduceAlgo */;
			targetProxy = 4651B4032240001E003858B7 /* PBXContainerItemProxy */;
		};
		OBJ_67 /* PBXTargetDependency */ = {
			isa = PBXTargetDependency;
			target = "SwiftMapReduce::MapReduce" /* MapReduce */;
			targetProxy = 4651B4052240001E003858B7 /* PBXContainerItemProxy */;
		};
		OBJ_79 /* PBXTargetDependency */ = {
			isa = PBXTargetDependency;
			target = "SwiftMapReduce::MapReduceAlgo" /* MapReduceAlgo */;
			targetProxy = 4651B4062240001E003858B7 /* PBXContainerItemProxy */;
		};
		OBJ_80 /* PBXTargetDependency */ = {
			isa = PBXTargetDependency;
			target = "SwiftMapReduce::MapReduce" /* MapReduce */;
			targetProxy = 4651B4072240001E003858B7 /* PBXContainerItemProxy */;
		};
		OBJ_91 /* PBXTargetDependency */ = {
			isa = PBXTargetDependency;
			target = "SwiftMapReduce::MapReduceTests" /* MapReduceTests */;
			targetProxy = 4651B4082240001F003858B7 /* PBXContainerItemProxy */;
		};
/* End PBXTargetDependency section */

/* Begin XCBuildConfiguration section */
		OBJ_104 /* Debug */ = {
			isa = XCBuildConfiguration;
			buildSettings = {
				LD = /usr/bin/true;
				OTHER_SWIFT_FLAGS = "-swift-version 4 -I $(TOOLCHAIN_DIR)/usr/lib/swift/pm/4 -target x86_64-apple-macosx10.10 -sdk /Applications/Xcode.app/Contents/Developer/Platforms/MacOSX.platform/Developer/SDKs/MacOSX10.14.sdk";
				SWIFT_VERSION = 4.0;
			};
			name = Debug;
		};
		OBJ_105 /* Release */ = {
			isa = XCBuildConfiguration;
			buildSettings = {
				LD = /usr/bin/true;
				OTHER_SWIFT_FLAGS = "-swift-version 4 -I $(TOOLCHAIN_DIR)/usr/lib/swift/pm/4 -target x86_64-apple-macosx10.10 -sdk /Applications/Xcode.app/Contents/Developer/Platforms/MacOSX.platform/Developer/SDKs/MacOSX10.14.sdk";
				SWIFT_VERSION = 4.0;
			};
			name = Release;
		};
		OBJ_3 /* Debug */ = {
			isa = XCBuildConfiguration;
			buildSettings = {
				CLANG_ENABLE_OBJC_ARC = YES;
				COMBINE_HIDPI_IMAGES = YES;
				COPY_PHASE_STRIP = NO;
				DEBUG_INFORMATION_FORMAT = dwarf;
				DYLIB_INSTALL_NAME_BASE = "@rpath";
				ENABLE_NS_ASSERTIONS = YES;
				GCC_OPTIMIZATION_LEVEL = 0;
				GCC_PREPROCESSOR_DEFINITIONS = (
					"DEBUG=1",
					"$(inherited)",
				);
				MACOSX_DEPLOYMENT_TARGET = 10.10;
				ONLY_ACTIVE_ARCH = YES;
				OTHER_SWIFT_FLAGS = "-DXcode";
				PRODUCT_NAME = "$(TARGET_NAME)";
				SDKROOT = macosx;
				SUPPORTED_PLATFORMS = "macosx iphoneos iphonesimulator appletvos appletvsimulator watchos watchsimulator";
				SWIFT_ACTIVE_COMPILATION_CONDITIONS = "SWIFT_PACKAGE DEBUG";
				SWIFT_OPTIMIZATION_LEVEL = "-Onone";
				USE_HEADERMAP = NO;
			};
			name = Debug;
		};
		OBJ_39 /* Debug */ = {
			isa = XCBuildConfiguration;
			buildSettings = {
				ENABLE_TESTABILITY = YES;
				FRAMEWORK_SEARCH_PATHS = (
					"$(inherited)",
					"$(PLATFORM_DIR)/Developer/Library/Frameworks",
				);
				HEADER_SEARCH_PATHS = "$(inherited)";
				INFOPLIST_FILE = SwiftMapReduce.xcodeproj/MapReduce_Info.plist;
				LD_RUNPATH_SEARCH_PATHS = "$(inherited) $(TOOLCHAIN_DIR)/usr/lib/swift/macosx";
				OTHER_CFLAGS = "$(inherited)";
				OTHER_LDFLAGS = "$(inherited)";
				OTHER_SWIFT_FLAGS = "$(inherited)";
				PRODUCT_BUNDLE_IDENTIFIER = MapReduce;
				PRODUCT_MODULE_NAME = "$(TARGET_NAME:c99extidentifier)";
				PRODUCT_NAME = "$(TARGET_NAME:c99extidentifier)";
				SKIP_INSTALL = YES;
				SWIFT_ACTIVE_COMPILATION_CONDITIONS = "$(inherited)";
				SWIFT_VERSION = 4.2;
				TARGET_NAME = MapReduce;
			};
			name = Debug;
		};
		OBJ_4 /* Release */ = {
			isa = XCBuildConfiguration;
			buildSettings = {
				CLANG_ENABLE_OBJC_ARC = YES;
				COMBINE_HIDPI_IMAGES = YES;
				COPY_PHASE_STRIP = YES;
				DEBUG_INFORMATION_FORMAT = "dwarf-with-dsym";
				DYLIB_INSTALL_NAME_BASE = "@rpath";
				GCC_OPTIMIZATION_LEVEL = s;
				MACOSX_DEPLOYMENT_TARGET = 10.10;
				OTHER_SWIFT_FLAGS = "-DXcode";
				PRODUCT_NAME = "$(TARGET_NAME)";
				SDKROOT = macosx;
				SUPPORTED_PLATFORMS = "macosx iphoneos iphonesimulator appletvos appletvsimulator watchos watchsimulator";
				SWIFT_ACTIVE_COMPILATION_CONDITIONS = SWIFT_PACKAGE;
				SWIFT_OPTIMIZATION_LEVEL = "-Owholemodule";
				USE_HEADERMAP = NO;
			};
			name = Release;
		};
		OBJ_40 /* Release */ = {
			isa = XCBuildConfiguration;
			buildSettings = {
				ENABLE_TESTABILITY = YES;
				FRAMEWORK_SEARCH_PATHS = (
					"$(inherited)",
					"$(PLATFORM_DIR)/Developer/Library/Frameworks",
				);
				HEADER_SEARCH_PATHS = "$(inherited)";
				INFOPLIST_FILE = SwiftMapReduce.xcodeproj/MapReduce_Info.plist;
				LD_RUNPATH_SEARCH_PATHS = "$(inherited) $(TOOLCHAIN_DIR)/usr/lib/swift/macosx";
				OTHER_CFLAGS = "$(inherited)";
				OTHER_LDFLAGS = "$(inherited)";
				OTHER_SWIFT_FLAGS = "$(inherited)";
				PRODUCT_BUNDLE_IDENTIFIER = MapReduce;
				PRODUCT_MODULE_NAME = "$(TARGET_NAME:c99extidentifier)";
				PRODUCT_NAME = "$(TARGET_NAME:c99extidentifier)";
				SKIP_INSTALL = YES;
				SWIFT_ACTIVE_COMPILATION_CONDITIONS = "$(inherited)";
				SWIFT_VERSION = 4.2;
				TARGET_NAME = MapReduce;
			};
			name = Release;
		};
		OBJ_47 /* Debug */ = {
			isa = XCBuildConfiguration;
			buildSettings = {
				ENABLE_TESTABILITY = YES;
				FRAMEWORK_SEARCH_PATHS = (
					"$(inherited)",
					"$(PLATFORM_DIR)/Developer/Library/Frameworks",
				);
				HEADER_SEARCH_PATHS = "$(inherited)";
				INFOPLIST_FILE = SwiftMapReduce.xcodeproj/MapReduceAlgo_Info.plist;
				LD_RUNPATH_SEARCH_PATHS = "$(inherited) $(TOOLCHAIN_DIR)/usr/lib/swift/macosx";
				OTHER_CFLAGS = "$(inherited)";
				OTHER_LDFLAGS = "$(inherited)";
				OTHER_SWIFT_FLAGS = "$(inherited)";
				PRODUCT_BUNDLE_IDENTIFIER = MapReduceAlgo;
				PRODUCT_MODULE_NAME = "$(TARGET_NAME:c99extidentifier)";
				PRODUCT_NAME = "$(TARGET_NAME:c99extidentifier)";
				SKIP_INSTALL = YES;
				SWIFT_ACTIVE_COMPILATION_CONDITIONS = "$(inherited)";
				SWIFT_VERSION = 4.2;
				TARGET_NAME = MapReduceAlgo;
			};
			name = Debug;
		};
		OBJ_48 /* Release */ = {
			isa = XCBuildConfiguration;
			buildSettings = {
				ENABLE_TESTABILITY = YES;
				FRAMEWORK_SEARCH_PATHS = (
					"$(inherited)",
					"$(PLATFORM_DIR)/Developer/Library/Frameworks",
				);
				HEADER_SEARCH_PATHS = "$(inherited)";
				INFOPLIST_FILE = SwiftMapReduce.xcodeproj/MapReduceAlgo_Info.plist;
				LD_RUNPATH_SEARCH_PATHS = "$(inherited) $(TOOLCHAIN_DIR)/usr/lib/swift/macosx";
				OTHER_CFLAGS = "$(inherited)";
				OTHER_LDFLAGS = "$(inherited)";
				OTHER_SWIFT_FLAGS = "$(inherited)";
				PRODUCT_BUNDLE_IDENTIFIER = MapReduceAlgo;
				PRODUCT_MODULE_NAME = "$(TARGET_NAME:c99extidentifier)";
				PRODUCT_NAME = "$(TARGET_NAME:c99extidentifier)";
				SKIP_INSTALL = YES;
				SWIFT_ACTIVE_COMPILATION_CONDITIONS = "$(inherited)";
				SWIFT_VERSION = 4.2;
				TARGET_NAME = MapReduceAlgo;
			};
			name = Release;
		};
		OBJ_56 /* Debug */ = {
			isa = XCBuildConfiguration;
			buildSettings = {
				FRAMEWORK_SEARCH_PATHS = (
					"$(inherited)",
					"$(PLATFORM_DIR)/Developer/Library/Frameworks",
				);
				HEADER_SEARCH_PATHS = "$(inherited)";
				INFOPLIST_FILE = SwiftMapReduce.xcodeproj/MapReduceRunner_Info.plist;
				LD_RUNPATH_SEARCH_PATHS = "$(inherited) $(TOOLCHAIN_DIR)/usr/lib/swift/macosx @executable_path";
				OTHER_CFLAGS = "$(inherited)";
				OTHER_LDFLAGS = "$(inherited)";
				OTHER_SWIFT_FLAGS = "$(inherited)";
				SWIFT_ACTIVE_COMPILATION_CONDITIONS = "$(inherited)";
				SWIFT_FORCE_DYNAMIC_LINK_STDLIB = YES;
				SWIFT_FORCE_STATIC_LINK_STDLIB = NO;
				SWIFT_VERSION = 4.2;
				TARGET_NAME = MapReduceRunner;
			};
			name = Debug;
		};
		OBJ_57 /* Release */ = {
			isa = XCBuildConfiguration;
			buildSettings = {
				FRAMEWORK_SEARCH_PATHS = (
					"$(inherited)",
					"$(PLATFORM_DIR)/Developer/Library/Frameworks",
				);
				HEADER_SEARCH_PATHS = "$(inherited)";
				INFOPLIST_FILE = SwiftMapReduce.xcodeproj/MapReduceRunner_Info.plist;
				LD_RUNPATH_SEARCH_PATHS = "$(inherited) $(TOOLCHAIN_DIR)/usr/lib/swift/macosx @executable_path";
				OTHER_CFLAGS = "$(inherited)";
				OTHER_LDFLAGS = "$(inherited)";
				OTHER_SWIFT_FLAGS = "$(inherited)";
				SWIFT_ACTIVE_COMPILATION_CONDITIONS = "$(inherited)";
				SWIFT_FORCE_DYNAMIC_LINK_STDLIB = YES;
				SWIFT_FORCE_STATIC_LINK_STDLIB = NO;
				SWIFT_VERSION = 4.2;
				TARGET_NAME = MapReduceRunner;
			};
			name = Release;
		};
		OBJ_70 /* Debug */ = {
			isa = XCBuildConfiguration;
			buildSettings = {
				CLANG_ENABLE_MODULES = YES;
				EMBEDDED_CONTENT_CONTAINS_SWIFT = YES;
				FRAMEWORK_SEARCH_PATHS = (
					"$(inherited)",
					"$(PLATFORM_DIR)/Developer/Library/Frameworks",
				);
				HEADER_SEARCH_PATHS = "$(inherited)";
				INFOPLIST_FILE = SwiftMapReduce.xcodeproj/MapReduceTests_Info.plist;
				LD_RUNPATH_SEARCH_PATHS = "$(inherited) @loader_path/../Frameworks @loader_path/Frameworks";
				OTHER_CFLAGS = "$(inherited)";
				OTHER_LDFLAGS = "$(inherited)";
				OTHER_SWIFT_FLAGS = "$(inherited)";
				SWIFT_ACTIVE_COMPILATION_CONDITIONS = "$(inherited)";
				SWIFT_VERSION = 4.2;
				TARGET_NAME = MapReduceTests;
			};
			name = Debug;
		};
		OBJ_71 /* Release */ = {
			isa = XCBuildConfiguration;
			buildSettings = {
				CLANG_ENABLE_MODULES = YES;
				EMBEDDED_CONTENT_CONTAINS_SWIFT = YES;
				FRAMEWORK_SEARCH_PATHS = (
					"$(inherited)",
					"$(PLATFORM_DIR)/Developer/Library/Frameworks",
				);
				HEADER_SEARCH_PATHS = "$(inherited)";
				INFOPLIST_FILE = SwiftMapReduce.xcodeproj/MapReduceTests_Info.plist;
				LD_RUNPATH_SEARCH_PATHS = "$(inherited) @loader_path/../Frameworks @loader_path/Frameworks";
				OTHER_CFLAGS = "$(inherited)";
				OTHER_LDFLAGS = "$(inherited)";
				OTHER_SWIFT_FLAGS = "$(inherited)";
				SWIFT_ACTIVE_COMPILATION_CONDITIONS = "$(inherited)";
				SWIFT_VERSION = 4.2;
				TARGET_NAME = MapReduceTests;
			};
			name = Release;
		};
		OBJ_83 /* Debug */ = {
			isa = XCBuildConfiguration;
			buildSettings = {
				LD = /usr/bin/true;
				OTHER_SWIFT_FLAGS = "-swift-version 4.2 -I $(TOOLCHAIN_DIR)/usr/lib/swift/pm/4_2 -target x86_64-apple-macosx10.10 -sdk /Applications/Xcode.app/Contents/Developer/Platforms/MacOSX.platform/Developer/SDKs/MacOSX10.14.sdk";
				SWIFT_VERSION = 4.2;
			};
			name = Debug;
		};
		OBJ_84 /* Release */ = {
			isa = XCBuildConfiguration;
			buildSettings = {
				LD = /usr/bin/true;
				OTHER_SWIFT_FLAGS = "-swift-version 4.2 -I $(TOOLCHAIN_DIR)/usr/lib/swift/pm/4_2 -target x86_64-apple-macosx10.10 -sdk /Applications/Xcode.app/Contents/Developer/Platforms/MacOSX.platform/Developer/SDKs/MacOSX10.14.sdk";
				SWIFT_VERSION = 4.2;
			};
			name = Release;
		};
		OBJ_89 /* Debug */ = {
			isa = XCBuildConfiguration;
			buildSettings = {
			};
			name = Debug;
		};
		OBJ_90 /* Release */ = {
			isa = XCBuildConfiguration;
			buildSettings = {
			};
			name = Release;
		};
		OBJ_93 /* Debug */ = {
			isa = XCBuildConfiguration;
			buildSettings = {
				ENABLE_TESTABILITY = YES;
				FRAMEWORK_SEARCH_PATHS = (
					"$(inherited)",
					"$(PLATFORM_DIR)/Developer/Library/Frameworks",
				);
				HEADER_SEARCH_PATHS = "$(inherited)";
				INFOPLIST_FILE = SwiftMapReduce.xcodeproj/SwiftPerfTool_Info.plist;
				LD_RUNPATH_SEARCH_PATHS = "$(inherited) $(TOOLCHAIN_DIR)/usr/lib/swift/macosx";
				OTHER_CFLAGS = "$(inherited)";
				OTHER_LDFLAGS = "$(inherited)";
				OTHER_SWIFT_FLAGS = "$(inherited)";
				PRODUCT_BUNDLE_IDENTIFIER = SwiftPerfTool;
				PRODUCT_MODULE_NAME = "$(TARGET_NAME:c99extidentifier)";
				PRODUCT_NAME = "$(TARGET_NAME:c99extidentifier)";
				SKIP_INSTALL = YES;
				SWIFT_ACTIVE_COMPILATION_CONDITIONS = "$(inherited)";
				SWIFT_VERSION = 4.0;
				TARGET_NAME = SwiftPerfTool;
			};
			name = Debug;
		};
		OBJ_94 /* Release */ = {
			isa = XCBuildConfiguration;
			buildSettings = {
				ENABLE_TESTABILITY = YES;
				FRAMEWORK_SEARCH_PATHS = (
					"$(inherited)",
					"$(PLATFORM_DIR)/Developer/Library/Frameworks",
				);
				HEADER_SEARCH_PATHS = "$(inherited)";
				INFOPLIST_FILE = SwiftMapReduce.xcodeproj/SwiftPerfTool_Info.plist;
				LD_RUNPATH_SEARCH_PATHS = "$(inherited) $(TOOLCHAIN_DIR)/usr/lib/swift/macosx";
				OTHER_CFLAGS = "$(inherited)";
				OTHER_LDFLAGS = "$(inherited)";
				OTHER_SWIFT_FLAGS = "$(inherited)";
				PRODUCT_BUNDLE_IDENTIFIER = SwiftPerfTool;
				PRODUCT_MODULE_NAME = "$(TARGET_NAME:c99extidentifier)";
				PRODUCT_NAME = "$(TARGET_NAME:c99extidentifier)";
				SKIP_INSTALL = YES;
				SWIFT_ACTIVE_COMPILATION_CONDITIONS = "$(inherited)";
				SWIFT_VERSION = 4.0;
				TARGET_NAME = SwiftPerfTool;
			};
			name = Release;
		};
/* End XCBuildConfiguration section */

/* Begin XCConfigurationList section */
		OBJ_103 /* Build configuration list for PBXNativeTarget "SwiftPerfToolPackageDescription" */ = {
			isa = XCConfigurationList;
			buildConfigurations = (
				OBJ_104 /* Debug */,
				OBJ_105 /* Release */,
			);
			defaultConfigurationIsVisible = 0;
			defaultConfigurationName = Release;
		};
		OBJ_2 /* Build configuration list for PBXProject "SwiftMapReduce" */ = {
			isa = XCConfigurationList;
			buildConfigurations = (
				OBJ_3 /* Debug */,
				OBJ_4 /* Release */,
			);
			defaultConfigurationIsVisible = 0;
			defaultConfigurationName = Release;
		};
		OBJ_38 /* Build configuration list for PBXNativeTarget "MapReduce" */ = {
			isa = XCConfigurationList;
			buildConfigurations = (
				OBJ_39 /* Debug */,
				OBJ_40 /* Release */,
			);
			defaultConfigurationIsVisible = 0;
			defaultConfigurationName = Release;
		};
		OBJ_46 /* Build configuration list for PBXNativeTarget "MapReduceAlgo" */ = {
			isa = XCConfigurationList;
			buildConfigurations = (
				OBJ_47 /* Debug */,
				OBJ_48 /* Release */,
			);
			defaultConfigurationIsVisible = 0;
			defaultConfigurationName = Release;
		};
		OBJ_55 /* Build configuration list for PBXNativeTarget "MapReduceRunner" */ = {
			isa = XCConfigurationList;
			buildConfigurations = (
				OBJ_56 /* Debug */,
				OBJ_57 /* Release */,
			);
			defaultConfigurationIsVisible = 0;
			defaultConfigurationName = Release;
		};
		OBJ_69 /* Build configuration list for PBXNativeTarget "MapReduceTests" */ = {
			isa = XCConfigurationList;
			buildConfigurations = (
				OBJ_70 /* Debug */,
				OBJ_71 /* Release */,
			);
			defaultConfigurationIsVisible = 0;
			defaultConfigurationName = Release;
		};
		OBJ_82 /* Build configuration list for PBXNativeTarget "SwiftMapReducePackageDescription" */ = {
			isa = XCConfigurationList;
			buildConfigurations = (
				OBJ_83 /* Debug */,
				OBJ_84 /* Release */,
			);
			defaultConfigurationIsVisible = 0;
			defaultConfigurationName = Release;
		};
		OBJ_88 /* Build configuration list for PBXAggregateTarget "SwiftMapReducePackageTests" */ = {
			isa = XCConfigurationList;
			buildConfigurations = (
				OBJ_89 /* Debug */,
				OBJ_90 /* Release */,
			);
			defaultConfigurationIsVisible = 0;
			defaultConfigurationName = Release;
		};
		OBJ_92 /* Build configuration list for PBXNativeTarget "SwiftPerfTool" */ = {
			isa = XCConfigurationList;
			buildConfigurations = (
				OBJ_93 /* Debug */,
				OBJ_94 /* Release */,
			);
			defaultConfigurationIsVisible = 0;
			defaultConfigurationName = Release;
		};
/* End XCConfigurationList section */
	};
	rootObject = OBJ_1 /* Project object */;
}
